
Microsoft Visual Studio Solution File, Format Version 12.00
# Visual Studio Version 16
VisualStudioVersion = 16.0.30611.23
MinimumVisualStudioVersion = 10.0.40219.1
Project("{FAE04EC0-301F-11D3-BF4B-00C04F79EFBC}") = "AdventOfCode", "AdventOfCode\AdventOfCode.csproj", "{AD613077-FCA6-46CB-9671-51E78A9770DF}"
EndProject
Global
	GlobalSection(SolutionConfigurationPlatforms) = preSolution
		Debug|Any CPU = Debug|Any CPU
		Release|Any CPU = Release|Any CPU
	EndGlobalSection
	GlobalSection(ProjectConfigurationPlatforms) = postSolution
		{AD613077-FCA6-46CB-9671-51E78A9770DF}.Debug|Any CPU.ActiveCfg = Debug|Any CPU
		{AD613077-FCA6-46CB-9671-51E78A9770DF}.Debug|Any CPU.Build.0 = Debug|Any CPU
		{AD613077-FCA6-46CB-9671-51E78A9770DF}.Release|Any CPU.ActiveCfg = Release|Any CPU
		{AD613077-FCA6-46CB-9671-51E78A9770DF}.Release|Any CPU.Build.0 = Release|Any CPU
	EndGlobalSection
	GlobalSection(SolutionProperties) = preSolution
		HideSolutionNode = FALSE
	EndGlobalSection
	GlobalSection(ExtensibilityGlobals) = postSolution
		SolutionGuid = {B5F8D398-9153-48D4-83EC-6F3EB2A45ADD}
	EndGlobalSection
EndGlobal
